# @generated by Move, please check-in and do not edit manually.

[move]
version = 3
manifest_digest = "E386860F003C4C4D6FFB63AB63D1650A6573D1308E661219001AA9388CE90E18"
deps_digest = "F9B494B64F0615AED0E98FC12A85B85ECD2BC5185C22D30E7F67786BB52E507C"
dependencies = [
  { id = "Bridge", name = "Bridge" },
  { id = "MoveStdlib", name = "MoveStdlib" },
  { id = "Sui", name = "Sui" },
  { id = "SuiSystem", name = "SuiSystem" },
]

[[move.package]]
id = "Bridge"
source = { git = "https://github.com/MystenLabs/sui.git", rev = "2cde80b5766b0bc2073908e10f6e3c81c93fd691", subdir = "crates/sui-framework/packages/bridge" }

dependencies = [
  { id = "MoveStdlib", name = "MoveStdlib" },
  { id = "Sui", name = "Sui" },
  { id = "SuiSystem", name = "SuiSystem" },
]

[[move.package]]
id = "MoveStdlib"
source = { git = "https://github.com/MystenLabs/sui.git", rev = "2cde80b5766b0bc2073908e10f6e3c81c93fd691", subdir = "crates/sui-framework/packages/move-stdlib" }

[[move.package]]
id = "Sui"
source = { git = "https://github.com/MystenLabs/sui.git", rev = "2cde80b5766b0bc2073908e10f6e3c81c93fd691", subdir = "crates/sui-framework/packages/sui-framework" }

dependencies = [
  { id = "MoveStdlib", name = "MoveStdlib" },
]

[[move.package]]
id = "SuiSystem"
source = { git = "https://github.com/MystenLabs/sui.git", rev = "2cde80b5766b0bc2073908e10f6e3c81c93fd691", subdir = "crates/sui-framework/packages/sui-system" }

dependencies = [
  { id = "MoveStdlib", name = "MoveStdlib" },
  { id = "Sui", name = "Sui" },
]

[move.toolchain-version]
compiler-version = "1.55.0"
edition = "2024.beta"
flavor = "sui"

[env]

[env.devnet]
chain-id = "f3356fa1"
original-published-id = "0x12717c2a859aa5ed641b79364ee895f3b0adf6f061f9c79969565c86dc3a14b5"
latest-published-id = "0x12717c2a859aa5ed641b79364ee895f3b0adf6f061f9c79969565c86dc3a14b5"
published-version = "1"

[env.testnet]
chain-id = "4c78adac"
original-published-id = "0x0cb430a9fd33d398556a637d7ca0bd380b8810b5408fb127e862701bbc7186b6"
latest-published-id = "0x0cb430a9fd33d398556a637d7ca0bd380b8810b5408fb127e862701bbc7186b6"
published-version = "1"
