# @generated by Move, please check-in and do not edit manually.

[move]
version = 3
manifest_digest = "A6AAAEE2C028189A563FEC109710E136D416CC0A26824771BF8992EE4A37B205"
deps_digest = "F8BBB0CCB2491CA29A3DF03D6F92277A4F3574266507ACD77214D37ECA3F3082"
dependencies = [
  { id = "Sui", name = "Sui" },
]

[[move.package]]
id = "MoveStdlib"
source = { git = "https://github.com/MystenLabs/sui.git", rev = "framework/testnet", subdir = "crates/sui-framework/packages/move-stdlib" }

[[move.package]]
id = "Sui"
source = { git = "https://github.com/MystenLabs/sui.git", rev = "framework/testnet", subdir = "crates/sui-framework/packages/sui-framework" }

dependencies = [
  { id = "MoveStdlib", name = "MoveStdlib" },
]

[move.toolchain-version]
compiler-version = "1.55.0"
edition = "2024.beta"
flavor = "sui"

[env]

[env.testnet]
chain-id = "4c78adac"
original-published-id = "0x0ef0eed8d532c53d4207557a557c93dba9e8a340cbb133bd519d64db9de7f0e2"
latest-published-id = "0x0ef0eed8d532c53d4207557a557c93dba9e8a340cbb133bd519d64db9de7f0e2"
published-version = "1"
